
Microsoft Visual Studio Solution File, Format Version 12.00
# Visual Studio Version 17
VisualStudioVersion = 17.14.36401.2 d17.14
MinimumVisualStudioVersion = 10.0.40219.1
Project("{FAE04EC0-301F-11D3-BF4B-00C04F79EFBC}") = "SuperAdventure", "SuperAdventure\SuperAdventure.csproj", "{FE77F897-42E0-45FD-9F54-6E61445A09D2}"
EndProject
Project("{FAE04EC0-301F-11D3-BF4B-00C04F79EFBC}") = "Engine", "Engine\Engine.csproj", "{230A13DE-373B-4E3A-B530-165B8CA980EA}"
EndProject
Global
	GlobalSection(SolutionConfigurationPlatforms) = preSolution
		Debug|Any CPU = Debug|Any CPU
		Release|Any CPU = Release|Any CPU
	EndGlobalSection
	GlobalSection(ProjectConfigurationPlatforms) = postSolution
		{FE77F897-42E0-45FD-9F54-6E61445A09D2}.Debug|Any CPU.ActiveCfg = Debug|Any CPU
		{FE77F897-42E0-45FD-9F54-6E61445A09D2}.Debug|Any CPU.Build.0 = Debug|Any CPU
		{FE77F897-42E0-45FD-9F54-6E61445A09D2}.Release|Any CPU.ActiveCfg = Release|Any CPU
		{FE77F897-42E0-45FD-9F54-6E61445A09D2}.Release|Any CPU.Build.0 = Release|Any CPU
		{230A13DE-373B-4E3A-B530-165B8CA980EA}.Debug|Any CPU.ActiveCfg = Debug|Any CPU
		{230A13DE-373B-4E3A-B530-165B8CA980EA}.Debug|Any CPU.Build.0 = Debug|Any CPU
		{230A13DE-373B-4E3A-B530-165B8CA980EA}.Release|Any CPU.ActiveCfg = Release|Any CPU
		{230A13DE-373B-4E3A-B530-165B8CA980EA}.Release|Any CPU.Build.0 = Release|Any CPU
	EndGlobalSection
	GlobalSection(SolutionProperties) = preSolution
		HideSolutionNode = FALSE
	EndGlobalSection
	GlobalSection(ExtensibilityGlobals) = postSolution
		SolutionGuid = {F30D3125-B13D-4EF8-B87C-AAE8F0B9DF86}
	EndGlobalSection
EndGlobal
